<?xml version="1.0" encoding="utf-8"?>
<Project ToolsVersion="4.0" xmlns="http://schemas.microsoft.com/developer/msbuild/2003">
  <ItemGroup>
    <Filter Include="Source Files">
      <UniqueIdentifier>{4FC737F1-C7A5-4376-A066-2A32D752A2FF}</UniqueIdentifier>
      <Extensions>cpp;c;cc;cxx;def;odl;idl;hpj;bat;asm;asmx</Extensions>
    </Filter>
    <Filter Include="Header Files">
      <UniqueIdentifier>{93995380-89BD-4b04-88EB-625FBE52EBFB}</UniqueIdentifier>
      <Extensions>h;hh;hpp;hxx;hm;inl;inc;ipp;xsd</Extensions>
    </Filter>
    <Filter Include="Resource Files">
      <UniqueIdentifier>{67DA6AB6-F800-4c08-8B7A-83BB121AAD01}</UniqueIdentifier>
      <Extensions>rc;ico;cur;bmp;dlg;rc2;rct;bin;rgs;gif;jpg;jpeg;jpe;resx;tiff;tif;png;wav;mfcribbon-ms</Extensions>
    </Filter>
  </ItemGroup>
  <ItemGroup>
    <ClCompile Include="src\Renderer.cpp">
      <Filter>Source Files</Filter>
    </ClCompile>
    <ClCompile Include="src\VertexBuffer.cpp">
      <Filter>Source Files</Filter>
    </ClCompile>
    <ClCompile Include="src\IndexBuffer.cpp">
      <Filter>Source Files</Filter>
    </ClCompile>
    <ClCompile Include="src\VertexBufferLayout.cpp">
      <Filter>Source Files</Filter>
    </ClCompile>
    <ClCompile Include="src\VertexArray.cpp">
      <Filter>Source Files</Filter>
    </ClCompile>
    <ClCompile Include="src\Shader.cpp">
      <Filter>Source Files</Filter>
    </ClCompile>
    <ClCompile Include="src\Texture.cpp">
      <Filter>Source Files</Filter>
    </ClCompile>
    <ClCompile Include="vendor\stb\stb_image.cpp">
      <Filter>Source Files</Filter>
    </ClCompile>
    <ClCompile Include="src\SomeTransform.cpp">
      <Filter>Source Files</Filter>
    </ClCompile>
    <ClCompile Include="src\Camera.cpp">
      <Filter>Source Files</Filter>
    </ClCompile>
    <ClCompile Include="src\Mesh.cpp">
      <Filter>Source Files</Filter>
    </ClCompile>
    <ClCompile Include="src\Model.cpp">
      <Filter>Source Files</Filter>
    </ClCompile>
    <ClCompile Include="src\Light.cpp">
      <Filter>Source Files</Filter>
    </ClCompile>
    <ClCompile Include="src\PointLight.cpp">
      <Filter>Source Files</Filter>
    </ClCompile>
    <ClCompile Include="src\Cubemap.cpp">
      <Filter>Source Files</Filter>
    </ClCompile>
    <ClCompile Include="src\DepthMap.cpp">
      <Filter>Source Files</Filter>
    </ClCompile>
    <ClCompile Include="src\Box.cpp">
      <Filter>Source Files</Filter>
    </ClCompile>
    <ClCompile Include="src\Plane.cpp">
      <Filter>Source Files</Filter>
    </ClCompile>
    <ClCompile Include="src\DepthCubemap.cpp">
      <Filter>Source Files</Filter>
    </ClCompile>
    <ClCompile Include="src\ScreenRect.cpp">
      <Filter>Source Files</Filter>
    </ClCompile>
    <ClCompile Include="src\Framebuffer.cpp">
      <Filter>Source Files</Filter>
    </ClCompile>
    <ClCompile Include="vendor\imgui\imgui.cpp">
      <Filter>Source Files</Filter>
    </ClCompile>
    <ClCompile Include="vendor\imgui\imgui_demo.cpp">
      <Filter>Source Files</Filter>
    </ClCompile>
    <ClCompile Include="vendor\imgui\imgui_draw.cpp">
      <Filter>Source Files</Filter>
    </ClCompile>
    <ClCompile Include="vendor\imgui\imgui_widgets.cpp">
      <Filter>Source Files</Filter>
    </ClCompile>
    <ClCompile Include="vendor\imgui\imgui_impl_glfw.cpp">
      <Filter>Source Files</Filter>
    </ClCompile>
    <ClCompile Include="vendor\imgui\imgui_impl_opengl3.cpp">
      <Filter>Source Files</Filter>
    </ClCompile>
    <ClCompile Include="src\ApplicationAdvCG.cpp">
      <Filter>Source Files</Filter>
    </ClCompile>
  </ItemGroup>
  <ItemGroup>
    <None Include="res\shaders\MyShader.shader" />
    <None Include="res\shaders\anewshader.shader" />
    <None Include="res\shaders\Light.shader" />
    <None Include="res\shaders\modelLoading.shader" />
    <None Include="res\shaders\Floor.shader" />
    <None Include="res\shaders\Box.shader" />
    <None Include="res\shaders\asd.vert" />
    <None Include="res\shaders\Outliner.vert" />
    <None Include="res\shaders\grass.vert" />
    <None Include="res\shaders\vert\Box.vert" />
    <None Include="res\shaders\frag\Box.frag" />
    <None Include="res\shaders\frag\Framebuffer.frag" />
    <None Include="res\shaders\vert\Framebuffer.vert" />
    <None Include="res\shaders\frag\Skybox.frag" />
    <None Include="res\shaders\vert\Skybox.vert" />
    <None Include="res\shaders\geom\test.geom" />
    <None Include="res\shaders\vert\test.vert" />
    <None Include="res\shaders\frag\test.frag" />
    <None Include="res\shaders\vert\Instancing.vert" />
    <None Include="res\shaders\frag\Instancing.frag" />
    <None Include="res\shaders\vert\planet.vert" />
    <None Include="res\shaders\frag\planet.frag" />
    <None Include="res\shaders\vert\rock.vert" />
    <None Include="res\shaders\frag\rock.frag" />
    <None Include="res\shaders\frag\nanosuit.frag" />
    <None Include="res\shaders\vert\nanosuit.vert" />
    <None Include="res\shaders\geom\nanosuit.geom" />
    <None Include="res\shaders\vert\blinnphong.vert" />
    <None Include="res\shaders\frag\blinnphong.frag" />
    <None Include="res\shaders\vert\test2.vert" />
    <None Include="res\shaders\frag\test2.frag" />
    <None Include="res\shaders\vert\shadowmap.vert" />
    <None Include="res\shaders\frag\shadowmap.frag" />
    <None Include="res\shaders\vert\shadow.vert" />
    <None Include="res\shaders\frag\shadow.frag" />
    <None Include="res\shaders\vert\pointShadow.vert" />
    <None Include="res\shaders\frag\pointShadow.frag" />
    <None Include="res\shaders\vert\pointShadowDepth.vert" />
    <None Include="res\shaders\frag\pointShadowDepth.frag" />
    <None Include="res\shaders\geom\pointShadowDepth.geom" />
    <None Include="src\3.2.1.point_shadows.vert" />
    <None Include="src\3.2.1.point_shadows_depth.vert" />
    <None Include="src\3.2.1.point_shadows_depth.frag" />
    <None Include="src\3.2.1.point_shadows_depth.geom" />
    <None Include="3.2.1.point_shadows.frag" />
    <None Include="3.2.1.point_shadows.vert" />
    <None Include="3.2.1.point_shadows_depth.frag" />
    <None Include="3.2.1.point_shadows_depth.vert" />
    <None Include="3.2.1.point_shadows_depth.geom" />
    <None Include="res\shaders\vert\NormalMapping.vert" />
    <None Include="res\shaders\frag\NormalMapping.frag" />
    <None Include="res\shaders\vert\parallaxMapping.vert" />
    <None Include="res\shaders\frag\parallaxMapping.frag" />
    <None Include="res\shaders\vert\TunnelShader.vert" />
    <None Include="res\shaders\frag\TunnelShader.frag" />
    <None Include="res\shaders\vert\HDR.vert" />
    <None Include="res\shaders\frag\HDR.frag" />
    <None Include="res\shaders\vert\Blur.vert" />
    <None Include="res\shaders\frag\Blur.frag" />
    <None Include="res\shaders\vert\finalImage.vert" />
    <None Include="res\shaders\frag\finalImage.frag" />
    <None Include="res\shaders\vert\SourceJDV.vert" />
    <None Include="res\shaders\frag\SourceJDV.frag" />
    <None Include="res\shaders\frag\Cloth.frag" />
    <None Include="res\shaders\vert\Cloth.vert" />
  </ItemGroup>
  <ItemGroup>
    <ClInclude Include="src\Renderer.h">
      <Filter>Header Files</Filter>
    </ClInclude>
    <ClInclude Include="src\VertexBuffer.h">
      <Filter>Header Files</Filter>
    </ClInclude>
    <ClInclude Include="src\IndexBuffer.h">
      <Filter>Header Files</Filter>
    </ClInclude>
    <ClInclude Include="src\VertexArray.h">
      <Filter>Header Files</Filter>
    </ClInclude>
    <ClInclude Include="src\VertexBufferLayout.h">
      <Filter>Header Files</Filter>
    </ClInclude>
    <ClInclude Include="src\Shader.h">
      <Filter>Header Files</Filter>
    </ClInclude>
    <ClInclude Include="vendor\stb\stb_image.h">
      <Filter>Header Files</Filter>
    </ClInclude>
    <ClInclude Include="src\Texture.h">
      <Filter>Header Files</Filter>
    </ClInclude>
    <ClInclude Include="src\SomeTransform.h">
      <Filter>Header Files</Filter>
    </ClInclude>
    <ClInclude Include="src\Camera.h">
      <Filter>Header Files</Filter>
    </ClInclude>
    <ClInclude Include="src\Mesh.h">
      <Filter>Header Files</Filter>
    </ClInclude>
    <ClInclude Include="src\Model.h">
      <Filter>Header Files</Filter>
    </ClInclude>
    <ClInclude Include="src\Light.h">
      <Filter>Header Files</Filter>
    </ClInclude>
    <ClInclude Include="src\PointLight.h">
      <Filter>Header Files</Filter>
    </ClInclude>
    <ClInclude Include="src\Cubemap.h">
      <Filter>Header Files</Filter>
    </ClInclude>
    <ClInclude Include="src\DepthMap.h">
      <Filter>Header Files</Filter>
    </ClInclude>
    <ClInclude Include="src\Box.h">
      <Filter>Header Files</Filter>
    </ClInclude>
    <ClInclude Include="src\Plane.h">
      <Filter>Header Files</Filter>
    </ClInclude>
    <ClInclude Include="src\DepthCubemap.h">
      <Filter>Header Files</Filter>
    </ClInclude>
    <ClInclude Include="src\shaderJDV.h">
      <Filter>Header Files</Filter>
    </ClInclude>
    <ClInclude Include="src\ScreenRect.h">
      <Filter>Header Files</Filter>
    </ClInclude>
    <ClInclude Include="src\Framebuffer.h">
      <Filter>Header Files</Filter>
    </ClInclude>
    <ClInclude Include="vendor\imgui\imconfig.h">
      <Filter>Header Files</Filter>
    </ClInclude>
    <ClInclude Include="vendor\imgui\imgui.h">
      <Filter>Header Files</Filter>
    </ClInclude>
    <ClInclude Include="vendor\imgui\imgui_internal.h">
      <Filter>Header Files</Filter>
    </ClInclude>
    <ClInclude Include="vendor\imgui\imstb_rectpack.h">
      <Filter>Header Files</Filter>
    </ClInclude>
    <ClInclude Include="vendor\imgui\imstb_textedit.h">
      <Filter>Header Files</Filter>
    </ClInclude>
    <ClInclude Include="vendor\imgui\imstb_truetype.h">
      <Filter>Header Files</Filter>
    </ClInclude>
    <ClInclude Include="vendor\imgui\imgui_impl_glfw.h">
      <Filter>Header Files</Filter>
    </ClInclude>
    <ClInclude Include="vendor\imgui\imgui_impl_opengl3.h">
      <Filter>Header Files</Filter>
    </ClInclude>
  </ItemGroup>
  <ItemGroup>
    <Image Include="res\textures\awesomeface.png">
      <Filter>Resource Files</Filter>
    </Image>
    <Image Include="res\textures\container.jpg">
      <Filter>Resource Files</Filter>
    </Image>
    <Image Include="res\textures\container2_specular.png">
      <Filter>Resource Files</Filter>
    </Image>
    <Image Include="res\textures\container2.png">
      <Filter>Resource Files</Filter>
    </Image>
    <Image Include="res\textures\marble.jpg">
      <Filter>Resource Files</Filter>
    </Image>
    <Image Include="res\textures\metal.png">
      <Filter>Resource Files</Filter>
    </Image>
    <Image Include="res\textures\grass.png">
      <Filter>Resource Files</Filter>
    </Image>
    <Image Include="res\textures\blending_transparent_window.png">
      <Filter>Resource Files</Filter>
    </Image>
    <Image Include="res\Cubemaps\skybox\back.jpg">
      <Filter>Resource Files</Filter>
    </Image>
    <Image Include="res\Cubemaps\skybox\bottom.jpg">
      <Filter>Resource Files</Filter>
    </Image>
    <Image Include="res\Cubemaps\skybox\front.jpg">
      <Filter>Resource Files</Filter>
    </Image>
    <Image Include="res\Cubemaps\skybox\left.jpg">
      <Filter>Resource Files</Filter>
    </Image>
    <Image Include="res\Cubemaps\skybox\right.jpg">
      <Filter>Resource Files</Filter>
    </Image>
    <Image Include="res\Cubemaps\skybox\top.jpg">
      <Filter>Resource Files</Filter>
    </Image>
    <Image Include="res\textures\wood.png">
      <Filter>Resource Files</Filter>
    </Image>
    <Image Include="res\textures\brickwall.jpg">
      <Filter>Resource Files</Filter>
    </Image>
    <Image Include="res\textures\brickwall_normal.jpg">
      <Filter>Resource Files</Filter>
    </Image>
    <Image Include="res\textures\bricks2.jpg">
      <Filter>Resource Files</Filter>
    </Image>
    <Image Include="res\textures\bricks2_disp.jpg">
      <Filter>Resource Files</Filter>
    </Image>
    <Image Include="res\textures\bricks2_normal.jpg">
      <Filter>Resource Files</Filter>
    </Image>
    <Image Include="res\textures\toy_box_disp.png">
      <Filter>Resource Files</Filter>
    </Image>
    <Image Include="res\textures\toy_box_normal.png">
      <Filter>Resource Files</Filter>
    </Image>
    <Image Include="res\textures\castle_gate_diff.png">
      <Filter>Resource Files</Filter>
    </Image>
    <Image Include="res\textures\castle_gate_disp.png">
      <Filter>Resource Files</Filter>
    </Image>
    <Image Include="res\textures\castle_gate_normal.png">
      <Filter>Resource Files</Filter>
    </Image>
    <Image Include="res\textures\castle_gate_disp_2.png">
      <Filter>Resource Files</Filter>
    </Image>
    <Image Include="res\textures\fabric_pattern_07_ao_2k.png">
      <Filter>Resource Files</Filter>
    </Image>
    <Image Include="res\textures\fabric_pattern_07_col_1_2k.png">
      <Filter>Resource Files</Filter>
    </Image>
    <Image Include="res\textures\fabric_pattern_07_col_2_2k.png">
      <Filter>Resource Files</Filter>
    </Image>
    <Image Include="res\textures\fabric_pattern_07_col_03_2k.png">
      <Filter>Resource Files</Filter>
    </Image>
    <Image Include="res\textures\fabric_pattern_07_nor_2k.png">
      <Filter>Resource Files</Filter>
    </Image>
    <Image Include="res\textures\fabric_pattern_07_rough_2k.png">
      <Filter>Resource Files</Filter>
    </Image>
  </ItemGroup>
</Project>